
Microsoft Visual Studio Solution File, Format Version 12.00
# Visual Studio Version 18
VisualStudioVersion = 18.6.11822.322
MinimumVisualStudioVersion = 10.0.40219.1
Project("{FAE04EC0-301F-11D3-BF4B-00C04F79EFBC}") = "HospitalManagement", "HospitalManagement\HospitalManagement.csproj", "{06512083-6EE8-4FC8-B2A4-6D99E661B48C}"
EndProject
Project("{FAE04EC0-301F-11D3-BF4B-00C04F79EFBC}") = "HospitalManagement.Tests", "HospitalManagement.Tests\HospitalManagement.Tests.csproj", "{C11BDABC-B39D-487D-959A-CB145E9D09A0}"
EndProject
Project("{FAE04EC0-301F-11D3-BF4B-00C04F79EFBC}") = "HospitalManagement.Shared", "HospitalManagement.Shared\HospitalManagement.Shared.csproj", "{6AA6420A-D3AA-4ACA-8CF7-B275B5BD1244}"
EndProject
Project("{FAE04EC0-301F-11D3-BF4B-00C04F79EFBC}") = "HospitalManagement.Auth", "HospitalManagement.Auth\HospitalManagement.Auth.csproj", "{FE61FBF9-29CF-4898-A2E6-F1D64408AAD8}"
EndProject
Project("{2150E333-8FDC-42A3-9474-1A3956D46DE8}") = "Solution Items", "Solution Items", "{3D916211-0104-47F8-9615-A0B94F29D1F6}"
	ProjectSection(SolutionItems) = preProject
		docker-compose.yml = docker-compose.yml
	EndProjectSection
EndProject
Project("{FAE04EC0-301F-11D3-BF4B-00C04F79EFBC}") = "HospitalManagement.Appointments", "HospitalManagement.Appointments\HospitalManagement.Appointments.csproj", "{70E9858D-118F-4C4D-9FFD-5A9379BA9A96}"
EndProject
Project("{FAE04EC0-301F-11D3-BF4B-00C04F79EFBC}") = "HospitalManagement.Appointments.Tests", "HospitalManagement.Appointments.Tests\HospitalManagement.Appointments.Tests.csproj", "{BF2F0BF1-3493-4DBC-8C21-9FC909366DB3}"
EndProject
Project("{FAE04EC0-301F-11D3-BF4B-00C04F79EFBC}") = "HospitalManagement.Auth.Tests", "HospitalManagement.Auth.Tests\HospitalManagement.Auth.Tests.csproj", "{B2011C77-B6D6-8D9B-5348-3EF9890C3D0E}"
EndProject
Global
	GlobalSection(SolutionConfigurationPlatforms) = preSolution
		Debug|Any CPU = Debug|Any CPU
		Debug|x64 = Debug|x64
		Debug|x86 = Debug|x86
		Release|Any CPU = Release|Any CPU
		Release|x64 = Release|x64
		Release|x86 = Release|x86
	EndGlobalSection
	GlobalSection(ProjectConfigurationPlatforms) = postSolution
		{06512083-6EE8-4FC8-B2A4-6D99E661B48C}.Debug|Any CPU.ActiveCfg = Debug|Any CPU
		{06512083-6EE8-4FC8-B2A4-6D99E661B48C}.Debug|Any CPU.Build.0 = Debug|Any CPU
		{06512083-6EE8-4FC8-B2A4-6D99E661B48C}.Debug|x64.ActiveCfg = Debug|Any CPU
		{06512083-6EE8-4FC8-B2A4-6D99E661B48C}.Debug|x64.Build.0 = Debug|Any CPU
		{06512083-6EE8-4FC8-B2A4-6D99E661B48C}.Debug|x86.ActiveCfg = Debug|Any CPU
		{06512083-6EE8-4FC8-B2A4-6D99E661B48C}.Debug|x86.Build.0 = Debug|Any CPU
		{06512083-6EE8-4FC8-B2A4-6D99E661B48C}.Release|Any CPU.ActiveCfg = Release|Any CPU
		{06512083-6EE8-4FC8-B2A4-6D99E661B48C}.Release|Any CPU.Build.0 = Release|Any CPU
		{06512083-6EE8-4FC8-B2A4-6D99E661B48C}.Release|x64.ActiveCfg = Release|Any CPU
		{06512083-6EE8-4FC8-B2A4-6D99E661B48C}.Release|x64.Build.0 = Release|Any CPU
		{06512083-6EE8-4FC8-B2A4-6D99E661B48C}.Release|x86.ActiveCfg = Release|Any CPU
		{06512083-6EE8-4FC8-B2A4-6D99E661B48C}.Release|x86.Build.0 = Release|Any CPU
		{C11BDABC-B39D-487D-959A-CB145E9D09A0}.Debug|Any CPU.ActiveCfg = Debug|Any CPU
		{C11BDABC-B39D-487D-959A-CB145E9D09A0}.Debug|Any CPU.Build.0 = Debug|Any CPU
		{C11BDABC-B39D-487D-959A-CB145E9D09A0}.Debug|x64.ActiveCfg = Debug|Any CPU
		{C11BDABC-B39D-487D-959A-CB145E9D09A0}.Debug|x64.Build.0 = Debug|Any CPU
		{C11BDABC-B39D-487D-959A-CB145E9D09A0}.Debug|x86.ActiveCfg = Debug|Any CPU
		{C11BDABC-B39D-487D-959A-CB145E9D09A0}.Debug|x86.Build.0 = Debug|Any CPU
		{C11BDABC-B39D-487D-959A-CB145E9D09A0}.Release|Any CPU.ActiveCfg = Release|Any CPU
		{C11BDABC-B39D-487D-959A-CB145E9D09A0}.Release|Any CPU.Build.0 = Release|Any CPU
		{C11BDABC-B39D-487D-959A-CB145E9D09A0}.Release|x64.ActiveCfg = Release|Any CPU
		{C11BDABC-B39D-487D-959A-CB145E9D09A0}.Release|x64.Build.0 = Release|Any CPU
		{C11BDABC-B39D-487D-959A-CB145E9D09A0}.Release|x86.ActiveCfg = Release|Any CPU
		{C11BDABC-B39D-487D-959A-CB145E9D09A0}.Release|x86.Build.0 = Release|Any CPU
		{6AA6420A-D3AA-4ACA-8CF7-B275B5BD1244}.Debug|Any CPU.ActiveCfg = Debug|Any CPU
		{6AA6420A-D3AA-4ACA-8CF7-B275B5BD1244}.Debug|Any CPU.Build.0 = Debug|Any CPU
		{6AA6420A-D3AA-4ACA-8CF7-B275B5BD1244}.Debug|x64.ActiveCfg = Debug|Any CPU
		{6AA6420A-D3AA-4ACA-8CF7-B275B5BD1244}.Debug|x64.Build.0 = Debug|Any CPU
		{6AA6420A-D3AA-4ACA-8CF7-B275B5BD1244}.Debug|x86.ActiveCfg = Debug|Any CPU
		{6AA6420A-D3AA-4ACA-8CF7-B275B5BD1244}.Debug|x86.Build.0 = Debug|Any CPU
		{6AA6420A-D3AA-4ACA-8CF7-B275B5BD1244}.Release|Any CPU.ActiveCfg = Release|Any CPU
		{6AA6420A-D3AA-4ACA-8CF7-B275B5BD1244}.Release|Any CPU.Build.0 = Release|Any CPU
		{6AA6420A-D3AA-4ACA-8CF7-B275B5BD1244}.Release|x64.ActiveCfg = Release|Any CPU
		{6AA6420A-D3AA-4ACA-8CF7-B275B5BD1244}.Release|x64.Build.0 = Release|Any CPU
		{6AA6420A-D3AA-4ACA-8CF7-B275B5BD1244}.Release|x86.ActiveCfg = Release|Any CPU
		{6AA6420A-D3AA-4ACA-8CF7-B275B5BD1244}.Release|x86.Build.0 = Release|Any CPU
		{FE61FBF9-29CF-4898-A2E6-F1D64408AAD8}.Debug|Any CPU.ActiveCfg = Debug|Any CPU
		{FE61FBF9-29CF-4898-A2E6-F1D64408AAD8}.Debug|Any CPU.Build.0 = Debug|Any CPU
		{FE61FBF9-29CF-4898-A2E6-F1D64408AAD8}.Debug|x64.ActiveCfg = Debug|Any CPU
		{FE61FBF9-29CF-4898-A2E6-F1D64408AAD8}.Debug|x64.Build.0 = Debug|Any CPU
		{FE61FBF9-29CF-4898-A2E6-F1D64408AAD8}.Debug|x86.ActiveCfg = Debug|Any CPU
		{FE61FBF9-29CF-4898-A2E6-F1D64408AAD8}.Debug|x86.Build.0 = Debug|Any CPU
		{FE61FBF9-29CF-4898-A2E6-F1D64408AAD8}.Release|Any CPU.ActiveCfg = Release|Any CPU
		{FE61FBF9-29CF-4898-A2E6-F1D64408AAD8}.Release|Any CPU.Build.0 = Release|Any CPU
		{FE61FBF9-29CF-4898-A2E6-F1D64408AAD8}.Release|x64.ActiveCfg = Release|Any CPU
		{FE61FBF9-29CF-4898-A2E6-F1D64408AAD8}.Release|x64.Build.0 = Release|Any CPU
		{FE61FBF9-29CF-4898-A2E6-F1D64408AAD8}.Release|x86.ActiveCfg = Release|Any CPU
		{FE61FBF9-29CF-4898-A2E6-F1D64408AAD8}.Release|x86.Build.0 = Release|Any CPU
		{70E9858D-118F-4C4D-9FFD-5A9379BA9A96}.Debug|Any CPU.ActiveCfg = Debug|Any CPU
		{70E9858D-118F-4C4D-9FFD-5A9379BA9A96}.Debug|Any CPU.Build.0 = Debug|Any CPU
		{70E9858D-118F-4C4D-9FFD-5A9379BA9A96}.Debug|x64.ActiveCfg = Debug|Any CPU
		{70E9858D-118F-4C4D-9FFD-5A9379BA9A96}.Debug|x64.Build.0 = Debug|Any CPU
		{70E9858D-118F-4C4D-9FFD-5A9379BA9A96}.Debug|x86.ActiveCfg = Debug|Any CPU
		{70E9858D-118F-4C4D-9FFD-5A9379BA9A96}.Debug|x86.Build.0 = Debug|Any CPU
		{70E9858D-118F-4C4D-9FFD-5A9379BA9A96}.Release|Any CPU.ActiveCfg = Release|Any CPU
		{70E9858D-118F-4C4D-9FFD-5A9379BA9A96}.Release|Any CPU.Build.0 = Release|Any CPU
		{70E9858D-118F-4C4D-9FFD-5A9379BA9A96}.Release|x64.ActiveCfg = Release|Any CPU
		{70E9858D-118F-4C4D-9FFD-5A9379BA9A96}.Release|x64.Build.0 = Release|Any CPU
		{70E9858D-118F-4C4D-9FFD-5A9379BA9A96}.Release|x86.ActiveCfg = Release|Any CPU
		{70E9858D-118F-4C4D-9FFD-5A9379BA9A96}.Release|x86.Build.0 = Release|Any CPU
		{BF2F0BF1-3493-4DBC-8C21-9FC909366DB3}.Debug|Any CPU.ActiveCfg = Debug|Any CPU
		{BF2F0BF1-3493-4DBC-8C21-9FC909366DB3}.Debug|Any CPU.Build.0 = Debug|Any CPU
		{BF2F0BF1-3493-4DBC-8C21-9FC909366DB3}.Debug|x64.ActiveCfg = Debug|Any CPU
		{BF2F0BF1-3493-4DBC-8C21-9FC909366DB3}.Debug|x64.Build.0 = Debug|Any CPU
		{BF2F0BF1-3493-4DBC-8C21-9FC909366DB3}.Debug|x86.ActiveCfg = Debug|Any CPU
		{BF2F0BF1-3493-4DBC-8C21-9FC909366DB3}.Debug|x86.Build.0 = Debug|Any CPU
		{BF2F0BF1-3493-4DBC-8C21-9FC909366DB3}.Release|Any CPU.ActiveCfg = Release|Any CPU
		{BF2F0BF1-3493-4DBC-8C21-9FC909366DB3}.Release|Any CPU.Build.0 = Release|Any CPU
		{BF2F0BF1-3493-4DBC-8C21-9FC909366DB3}.Release|x64.ActiveCfg = Release|Any CPU
		{BF2F0BF1-3493-4DBC-8C21-9FC909366DB3}.Release|x64.Build.0 = Release|Any CPU
		{BF2F0BF1-3493-4DBC-8C21-9FC909366DB3}.Release|x86.ActiveCfg = Release|Any CPU
		{BF2F0BF1-3493-4DBC-8C21-9FC909366DB3}.Release|x86.Build.0 = Release|Any CPU
		{B2011C77-B6D6-8D9B-5348-3EF9890C3D0E}.Debug|Any CPU.ActiveCfg = Debug|Any CPU
		{B2011C77-B6D6-8D9B-5348-3EF9890C3D0E}.Debug|Any CPU.Build.0 = Debug|Any CPU
		{B2011C77-B6D6-8D9B-5348-3EF9890C3D0E}.Debug|x64.ActiveCfg = Debug|Any CPU
		{B2011C77-B6D6-8D9B-5348-3EF9890C3D0E}.Debug|x64.Build.0 = Debug|Any CPU
		{B2011C77-B6D6-8D9B-5348-3EF9890C3D0E}.Debug|x86.ActiveCfg = Debug|Any CPU
		{B2011C77-B6D6-8D9B-5348-3EF9890C3D0E}.Debug|x86.Build.0 = Debug|Any CPU
		{B2011C77-B6D6-8D9B-5348-3EF9890C3D0E}.Release|Any CPU.ActiveCfg = Release|Any CPU
		{B2011C77-B6D6-8D9B-5348-3EF9890C3D0E}.Release|Any CPU.Build.0 = Release|Any CPU
		{B2011C77-B6D6-8D9B-5348-3EF9890C3D0E}.Release|x64.ActiveCfg = Release|Any CPU
		{B2011C77-B6D6-8D9B-5348-3EF9890C3D0E}.Release|x64.Build.0 = Release|Any CPU
		{B2011C77-B6D6-8D9B-5348-3EF9890C3D0E}.Release|x86.ActiveCfg = Release|Any CPU
		{B2011C77-B6D6-8D9B-5348-3EF9890C3D0E}.Release|x86.Build.0 = Release|Any CPU
	EndGlobalSection
	GlobalSection(SolutionProperties) = preSolution
		HideSolutionNode = FALSE
	EndGlobalSection
	GlobalSection(ExtensibilityGlobals) = postSolution
		SolutionGuid = {52A41D8E-E0C1-4081-8F64-36D626B41011}
	EndGlobalSection
EndGlobal
